// !$*UTF8*$!
{
	archiveVersion = 1;
	classes = {
	};
	objectVersion = 46;
	objects = {

/* Begin PBXBuildFile section */
		12FFF09D1CCF18FF003F58E2 /* main.m in Sources */ = {isa = PBXBuildFile; fileRef = 12FFF09C1CCF18FF003F58E2 /* main.m */; };
		12FFF0A01CCF18FF003F58E2 /* AppDelegate.m in Sources */ = {isa = PBXBuildFile; fileRef = 12FFF09F1CCF18FF003F58E2 /* AppDelegate.m */; };
		12FFF0A31CCF18FF003F58E2 /* ViewController.m in Sources */ = {isa = PBXBuildFile; fileRef = 12FFF0A21CCF18FF003F58E2 /* ViewController.m */; };
		12FFF0A61CCF18FF003F58E2 /* Main.storyboard in Resources */ = {isa = PBXBuildFile; fileRef = 12FFF0A41CCF18FF003F58E2 /* Main.storyboard */; };
		12FFF0A81CCF18FF003F58E2 /* Assets.xcassets in Resources */ = {isa = PBXBuildFile; fileRef = 12FFF0A71CCF18FF003F58E2 /* Assets.xcassets */; };
		12FFF0AB1CCF18FF003F58E2 /* LaunchScreen.storyboard in Resources */ = {isa = PBXBuildFile; fileRef = 12FFF0A91CCF18FF003F58E2 /* LaunchScreen.storyboard */; };
/* End PBXBuildFile section */

/* Begin PBXFileReference section */
		12FFF0981CCF18FF003F58E2 /* ZhongYuSubjectHubKY.app */ = {isa = PBXFileReference; explicitFileType = wrapper.application; includeInIndex = 0; path = ZhongYuSubjectHubKY.app; sourceTree = BUILT_PRODUCTS_DIR; };
		12FFF09C1CCF18FF003F58E2 /* main.m */ = {isa = PBXFileReference; lastKnownFileType = sourcecode.c.objc; path = main.m; sourceTree = "<group>"; };
		12FFF09E1CCF18FF003F58E2 /* AppDelegate.h */ = {isa = PBXFileReference; lastKnownFileType = sourcecode.c.h; path = AppDelegate.h; sourceTree = "<group>"; };
		12FFF09F1CCF18FF003F58E2 /* AppDelegate.m */ = {isa = PBXFileReference; lastKnownFileType = sourcecode.c.objc; path = AppDelegate.m; sourceTree = "<group>"; };
		12FFF0A11CCF18FF003F58E2 /* ViewController.h */ = {isa = PBXFileReference; lastKnownFileType = sourcecode.c.h; path = ViewController.h; sourceTree = "<group>"; };
		12FFF0A21CCF18FF003F58E2 /* ViewController.m */ = {isa = PBXFileReference; lastKnownFileType = sourcecode.c.objc; path = ViewController.m; sourceTree = "<group>"; };
		12FFF0A51CCF18FF003F58E2 /* Base */ = {isa = PBXFileReference; lastKnownFileType = file.storyboard; name = Base; path = Base.lproj/Main.storyboard; sourceTree = "<group>"; };
		12FFF0A71CCF18FF003F58E2 /* Assets.xcassets */ = {isa = PBXFileReference; lastKnownFileType = folder.assetcatalog; path = Assets.xcassets; sourceTree = "<group>"; };
		12FFF0AA1CCF18FF003F58E2 /* Base */ = {isa = PBXFileReference; lastKnownFileType = file.storyboard; name = Base; path = Base.lproj/LaunchScreen.storyboard; sourceTree = "<group>"; };
		12FFF0AC1CCF18FF003F58E2 /* Info.plist */ = {isa = PBXFileReference; lastKnownFileType = text.plist.xml; path = Info.plist; sourceTree = "<group>"; };
/* End PBXFileReference section */

/* Begin PBXFrameworksBuildPhase section */
		12FFF0951CCF18FF003F58E2 /* Frameworks */ = {
			isa = PBXFrameworksBuildPhase;
			buildActionMask = 2147483647;
			files = (
			);
			runOnlyForDeploymentPostprocessing = 0;
		};
/* End PBXFrameworksBuildPhase section */

/* Begin PBXGroup section */
		12FFF08F1CCF18FF003F58E2 = {
			isa = PBXGroup;
			children = (
				12FFF09A1CCF18FF003F58E2 /* ZhongYuSubjectHubKY */,
				12FFF0991CCF18FF003F58E2 /* Products */,
			);
			sourceTree = "<group>";
		};
		12FFF0991CCF18FF003F58E2 /* Products */ = {
			isa = PBXGroup;
			children = (
				12FFF0981CCF18FF003F58E2 /* ZhongYuSubjectHubKY.app */,
			);
			name = Products;
			sourceTree = "<group>";
		};
		12FFF09A1CCF18FF003F58E2 /* ZhongYuSubjectHubKY */ = {
			isa = PBXGroup;
			children = (
				12FFF09E1CCF18FF003F58E2 /* AppDelegate.h */,
				12FFF09F1CCF18FF003F58E2 /* AppDelegate.m */,
				12FFF0A11CCF18FF003F58E2 /* ViewController.h */,
				12FFF0A21CCF18FF003F58E2 /* ViewController.m */,
				12FFF0A41CCF18FF003F58E2 /* Main.storyboard */,
				12FFF0A71CCF18FF003F58E2 /* Assets.xcassets */,
				12FFF0A91CCF18FF003F58E2 /* LaunchScreen.storyboard */,
				12FFF0AC1CCF18FF003F58E2 /* Info.plist */,
				12FFF09B1CCF18FF003F58E2 /* Supporting Files */,
			);
			path = ZhongYuSubjectHubKY;
			sourceTree = "<group>";
		};
		12FFF09B1CCF18FF003F58E2 /* Supporting Files */ = {
			isa = PBXGroup;
			children = (
				12FFF09C1CCF18FF003F58E2 /* main.m */,
			);
			name = "Supporting Files";
			sourceTree = "<group>";
		};
/* End PBXGroup section */

/* Begin PBXNativeTarget section */
		12FFF0971CCF18FF003F58E2 /* ZhongYuSubjectHubKY */ = {
			isa = PBXNativeTarget;
			buildConfigurationList = 12FFF0AF1CCF18FF003F58E2 /* Build configuration list for PBXNativeTarget "ZhongYuSubjectHubKY" */;
			buildPhases = (
				12FFF0941CCF18FF003F58E2 /* Sources */,
				12FFF0951CCF18FF003F58E2 /* Frameworks */,
				12FFF0961CCF18FF003F58E2 /* Resources */,
			);
			buildRules = (
			);
			dependencies = (
			);
			name = ZhongYuSubjectHubKY;
			productName = ZhongYuSubjectHubKY;
			productReference = 12FFF0981CCF18FF003F58E2 /* ZhongYuSubjectHubKY.app */;
			productType = "com.apple.product-type.application";
		};
/* End PBXNativeTarget section */

/* Begin PBXProject section */
		12FFF0901CCF18FF003F58E2 /* Project object */ = {
			isa = PBXProject;
			attributes = {
				LastUpgradeCheck = 0730;
				ORGANIZATIONNAME = RyeWhiskey;
				TargetAttributes = {
					12FFF0971CCF18FF003F58E2 = {
						CreatedOnToolsVersion = 7.3;
					};
				};
			};
			buildConfigurationList = 12FFF0931CCF18FF003F58E2 /* Build configuration list for PBXProject "ZhongYuSubjectHubKY" */;
			compatibilityVersion = "Xcode 3.2";
			developmentRegion = English;
			hasScannedForEncodings = 0;
			knownRegions = (
				en,
				Base,
			);
			mainGroup = 12FFF08F1CCF18FF003F58E2;
			productRefGroup = 12FFF0991CCF18FF003F58E2 /* Products */;
			projectDirPath = "";
			projectRoot = "";
			targets = (
				12FFF0971CCF18FF003F58E2 /* ZhongYuSubjectHubKY */,
			);
		};
/* End PBXProject section */

/* Begin PBXResourcesBuildPhase section */
		12FFF0961CCF18FF003F58E2 /* Resources */ = {
			isa = PBXResourcesBuildPhase;
			buildActionMask = 2147483647;
			files = (
				12FFF0AB1CCF18FF003F58E2 /* LaunchScreen.storyboard in Resources */,
				12FFF0A81CCF18FF003F58E2 /* Assets.xcassets in Resources */,
				12FFF0A61CCF18FF003F58E2 /* Main.storyboard in Resources */,
			);
			runOnlyForDeploymentPostprocessing = 0;
		};
/* End PBXResourcesBuildPhase section */

/* Begin PBXSourcesBuildPhase section */
		12FFF0941CCF18FF003F58E2 /* Sources */ = {
			isa = PBXSourcesBuildPhase;
			buildActionMask = 2147483647;
			files = (
				12FFF0A31CCF18FF003F58E2 /* ViewController.m in Sources */,
				12FFF0A01CCF18FF003F58E2 /* AppDelegate.m in Sources */,
				12FFF09D1CCF18FF003F58E2 /* main.m in Sources */,
			);
			runOnlyForDeploymentPostprocessing = 0;
		};
/* End PBXSourcesBuildPhase section */

/* Begin PBXVariantGroup section */
		12FFF0A41CCF18FF003F58E2 /* Main.storyboard */ = {
			isa = PBXVariantGroup;
			children = (
				12FFF0A51CCF18FF003F58E2 /* Base */,
			);
			name = Main.storyboard;
			sourceTree = "<group>";
		};
		12FFF0A91CCF18FF003F58E2 /* LaunchScreen.storyboard */ = {
			isa = PBXVariantGroup;
			children = (
				12FFF0AA1CCF18FF003F58E2 /* Base */,
			);
			name = LaunchScreen.storyboard;
			sourceTree = "<group>";
		};
/* End PBXVariantGroup section */

/* Begin XCBuildConfiguration section */
		12FFF0AD1CCF18FF003F58E2 /* Debug */ = {
			isa = XCBuildConfiguration;
			buildSettings = {
				ALWAYS_SEARCH_USER_PATHS = NO;
				CLANG_ANALYZER_NONNULL = YES;
				CLANG_CXX_LANGUAGE_STANDARD = "gnu++0x";
				CLANG_CXX_LIBRARY = "libc++";
				CLANG_ENABLE_MODULES = YES;
				CLANG_ENABLE_OBJC_ARC = YES;
				CLANG_WARN_BOOL_CONVERSION = YES;
				CLANG_WARN_CONSTANT_CONVERSION = YES;
				CLANG_WARN_DIRECT_OBJC_ISA_USAGE = YES_ERROR;
				CLANG_WARN_EMPTY_BODY = YES;
				CLANG_WARN_ENUM_CONVERSION = YES;
				CLANG_WARN_INT_CONVERSION = YES;
				CLANG_WARN_OBJC_ROOT_CLASS = YES_ERROR;
				CLANG_WARN_UNREACHABLE_CODE = YES;
				CLANG_WARN__DUPLICATE_METHOD_MATCH = YES;
				"CODE_SIGN_IDENTITY[sdk=iphoneos*]" = "iPhone Developer";
				COPY_PHASE_STRIP = NO;
				DEBUG_INFORMATION_FORMAT = dwarf;
				ENABLE_STRICT_OBJC_MSGSEND = YES;
				ENABLE_TESTABILITY = YES;
				GCC_C_LANGUAGE_STANDARD = gnu99;
				GCC_DYNAMIC_NO_PIC = NO;
				GCC_NO_COMMON_BLOCKS = YES;
				GCC_OPTIMIZATION_LEVEL = 0;
				GCC_PREPROCESSOR_DEFINITIONS = (
					"DEBUG=1",
					"$(inherited)",
				);
				GCC_WARN_64_TO_32_BIT_CONVERSION = YES;
				GCC_WARN_ABOUT_RETURN_TYPE = YES_ERROR;
				GCC_WARN_UNDECLARED_SELECTOR = YES;
				GCC_WARN_UNINITIALIZED_AUTOS = YES_AGGRESSIVE;
				GCC_WARN_UNUSED_FUNCTION = YES;
				GCC_WARN_UNUSED_VARIABLE = YES;
				IPHONEOS_DEPLOYMENT_TARGET = 9.3;
				MTL_ENABLE_DEBUG_INFO = YES;
				ONLY_ACTIVE_ARCH = YES;
				SDKROOT = iphoneos;
				TARGETED_DEVICE_FAMILY = "1,2";
			};
			name = Debug;
		};
		12FFF0AE1CCF18FF003F58E2 /* Release */ = {
			isa = XCBuildConfiguration;
			buildSettings = {
				ALWAYS_SEARCH_USER_PATHS = NO;
				CLANG_ANALYZER_NONNULL = YES;
				CLANG_CXX_LANGUAGE_STANDARD = "gnu++0x";
				CLANG_CXX_LIBRARY = "libc++";
				CLANG_ENABLE_MODULES = YES;
				CLANG_ENABLE_OBJC_ARC = YES;
				CLANG_WARN_BOOL_CONVERSION = YES;
				CLANG_WARN_CONSTANT_CONVERSION = YES;
				CLANG_WARN_DIRECT_OBJC_ISA_USAGE = YES_ERROR;
				CLANG_WARN_EMPTY_BODY = YES;
				CLANG_WARN_ENUM_CONVERSION = YES;
				CLANG_WARN_INT_CONVERSION = YES;
				CLANG_WARN_OBJC_ROOT_CLASS = YES_ERROR;
				CLANG_WARN_UNREACHABLE_CODE = YES;
				CLANG_WARN__DUPLICATE_METHOD_MATCH = YES;
				"CODE_SIGN_IDENTITY[sdk=iphoneos*]" = "iPhone Developer";
				COPY_PHASE_STRIP = NO;
				DEBUG_INFORMATION_FORMAT = "dwarf-with-dsym";
				ENABLE_NS_ASSERTIONS = NO;
				ENABLE_STRICT_OBJC_MSGSEND = YES;
				GCC_C_LANGUAGE_STANDARD = gnu99;
				GCC_NO_COMMON_BLOCKS = YES;
				GCC_WARN_64_TO_32_BIT_CONVERSION = YES;
				GCC_WARN_ABOUT_RETURN_TYPE = YES_ERROR;
				GCC_WARN_UNDECLARED_SELECTOR = YES;
				GCC_WARN_UNINITIALIZED_AUTOS = YES_AGGRESSIVE;
				GCC_WARN_UNUSED_FUNCTION = YES;
				GCC_WARN_UNUSED_VARIABLE = YES;
				IPHONEOS_DEPLOYMENT_TARGET = 9.3;
				MTL_ENABLE_DEBUG_INFO = NO;
				SDKROOT = iphoneos;
				TARGETED_DEVICE_FAMILY = "1,2";
				VALIDATE_PRODUCT = YES;
			};
			name = Release;
		};
		12FFF0B01CCF18FF003F58E2 /* Debug */ = {
			isa = XCBuildConfiguration;
			buildSettings = {
				ASSETCATALOG_COMPILER_APPICON_NAME = AppIcon;
				INFOPLIST_FILE = ZhongYuSubjectHubKY/Info.plist;
				LD_RUNPATH_SEARCH_PATHS = "$(inherited) @executable_path/Frameworks";
				PRODUCT_BUNDLE_IDENTIFIER = RyeWhiskey.ZhongYuSubjectHubKY;
				PRODUCT_NAME = "$(TARGET_NAME)";
			};
			name = Debug;
		};
		12FFF0B11CCF18FF003F58E2 /* Release */ = {
			isa = XCBuildConfiguration;
			buildSettings = {
				ASSETCATALOG_COMPILER_APPICON_NAME = AppIcon;
				INFOPLIST_FILE = ZhongYuSubjectHubKY/Info.plist;
				LD_RUNPATH_SEARCH_PATHS = "$(inherited) @executable_path/Frameworks";
				PRODUCT_BUNDLE_IDENTIFIER = RyeWhiskey.ZhongYuSubjectHubKY;
				PRODUCT_NAME = "$(TARGET_NAME)";
			};
			name = Release;
		};
/* End XCBuildConfiguration section */

/* Begin XCConfigurationList section */
		12FFF0931CCF18FF003F58E2 /* Build configuration list for PBXProject "ZhongYuSubjectHubKY" */ = {
			isa = XCConfigurationList;
			buildConfigurations = (
				12FFF0AD1CCF18FF003F58E2 /* Debug */,
				12FFF0AE1CCF18FF003F58E2 /* Release */,
			);
			defaultConfigurationIsVisible = 0;
			defaultConfigurationName = Release;
		};
		12FFF0AF1CCF18FF003F58E2 /* Build configuration list for PBXNativeTarget "ZhongYuSubjectHubKY" */ = {
			isa = XCConfigurationList;
			buildConfigurations = (
				12FFF0B01CCF18FF003F58E2 /* Debug */,
				12FFF0B11CCF18FF003F58E2 /* Release */,
			);
			defaultConfigurationIsVisible = 0;
		};
/* End XCConfigurationList section */
	};
	rootObject = 12FFF0901CCF18FF003F58E2 /* Project object */;
}
